{
  "name": "esp8266-tft-chat-bridge",
  "version": "1.0.0",
  "lockfileVersion": 3,
  "requires": true,
  "packages": {
    "": {
      "name": "esp8266-tft-chat-bridge",
      "version": "1.0.0",
      "license": "ISC",
      "dependencies": {
        "@lumiastream/plugin": "^0.4.4"
      }
    },
    "node_modules/@lumiastream/plugin": {
      "version": "0.4.4",
      "resolved": "https://registry.npmjs.org/@lumiastream/plugin/-/plugin-0.4.4.tgz",
      "integrity": "sha512-G9WEPxXGEnf3zqOMzUXsj6cRCs/lI/f3Y0QsZktPxdwDYE5fTxwFaivSAHjZZe7qYv76a2IvQytMyBjWUJF/jw==",
      "license": "MIT"
    }
  }
}
