{
  "name": "lumi_con_bridge_integrated",
  "version": "1.0.0",
  "lockfileVersion": 3,
  "requires": true,
  "packages": {
    "": {
      "name": "lumi_con_bridge_integrated",
      "version": "1.0.0",
      "dependencies": {
        "@lumiastream/plugin": "*"
      }
    },
    "node_modules/@lumiastream/plugin": {
      "version": "0.4.5",
      "resolved": "https://registry.npmjs.org/@lumiastream/plugin/-/plugin-0.4.5.tgz",
      "integrity": "sha512-Y3TakweuE3NaJ4dnvTPTXy9H8v0wh9NfpLpn3q1NqJfAluzrZdnQ51MQ5FeqhsCjUQWLA1VQMxOleRPRDMtXOw==",
      "license": "MIT"
    }
  }
}
